
Microsoft Visual Studio Solution File, Format Version 12.00
# Visual Studio 15
VisualStudioVersion = 15.0.28307.539
MinimumVisualStudioVersion = 10.0.40219.1
Project("{FAE04EC0-301F-11D3-BF4B-00C04F79EFBC}") = "ClassLibrary5", "ClassLibrary5\ClassLibrary5.csproj", "{BD4983BD-E5C5-469C-87E6-3104FF38BBF9}"
EndProject
Global
	GlobalSection(SolutionConfigurationPlatforms) = preSolution
		Debug|Any CPU = Debug|Any CPU
		Release|Any CPU = Release|Any CPU
	EndGlobalSection
	GlobalSection(ProjectConfigurationPlatforms) = postSolution
		{BD4983BD-E5C5-469C-87E6-3104FF38BBF9}.Debug|Any CPU.ActiveCfg = Debug|Any CPU
		{BD4983BD-E5C5-469C-87E6-3104FF38BBF9}.Debug|Any CPU.Build.0 = Debug|Any CPU
		{BD4983BD-E5C5-469C-87E6-3104FF38BBF9}.Release|Any CPU.ActiveCfg = Release|Any CPU
		{BD4983BD-E5C5-469C-87E6-3104FF38BBF9}.Release|Any CPU.Build.0 = Release|Any CPU
	EndGlobalSection
	GlobalSection(SolutionProperties) = preSolution
		HideSolutionNode = FALSE
	EndGlobalSection
	GlobalSection(ExtensibilityGlobals) = postSolution
		SolutionGuid = {9C9346B3-9532-44EA-B444-3841A3DD7DC1}
	EndGlobalSection
EndGlobal
