
Microsoft Visual Studio Solution File, Format Version 12.00
# Visual Studio 15
VisualStudioVersion = 15.0.28307.421
MinimumVisualStudioVersion = 10.0.40219.1
Project("{FAE04EC0-301F-11D3-BF4B-00C04F79EFBC}") = "ClassLibrary2", "ClassLibrary2\ClassLibrary2.csproj", "{9AB8B7F1-2C7C-4B44-AB72-72303BF22DCE}"
EndProject
Global
	GlobalSection(SolutionConfigurationPlatforms) = preSolution
		Debug|Any CPU = Debug|Any CPU
		Release|Any CPU = Release|Any CPU
	EndGlobalSection
	GlobalSection(ProjectConfigurationPlatforms) = postSolution
		{9AB8B7F1-2C7C-4B44-AB72-72303BF22DCE}.Debug|Any CPU.ActiveCfg = Debug|Any CPU
		{9AB8B7F1-2C7C-4B44-AB72-72303BF22DCE}.Debug|Any CPU.Build.0 = Debug|Any CPU
		{9AB8B7F1-2C7C-4B44-AB72-72303BF22DCE}.Release|Any CPU.ActiveCfg = Release|Any CPU
		{9AB8B7F1-2C7C-4B44-AB72-72303BF22DCE}.Release|Any CPU.Build.0 = Release|Any CPU
	EndGlobalSection
	GlobalSection(SolutionProperties) = preSolution
		HideSolutionNode = FALSE
	EndGlobalSection
	GlobalSection(ExtensibilityGlobals) = postSolution
		SolutionGuid = {CF222311-F574-4398-B4FB-30100DD2F089}
	EndGlobalSection
EndGlobal
